// !$*UTF8*$!
{
	archiveVersion = 1;
	classes = {
	};
	objectVersion = 55;
	objects = {

/* Begin PBXBuildFile section */
		526CAAD728A80FE700125A00 /* UnitConverters.swift in Sources */ = {isa = PBXBuildFile; fileRef = 526CAAD628A80FE700125A00 /* UnitConverters.swift */; };
		5271C7B828A225C800278C68 /* Global.swift in Sources */ = {isa = PBXBuildFile; fileRef = 5271C7B728A225C800278C68 /* Global.swift */; };
		5285262728A51C7400F742D1 /* MeasurementUnits.swift in Sources */ = {isa = PBXBuildFile; fileRef = 5285262628A51C7400F742D1 /* MeasurementUnits.swift */; };
		5290EAC828A3C1D300139DD3 /* TableViewController.swift in Sources */ = {isa = PBXBuildFile; fileRef = 5290EAC628A3C1D300139DD3 /* TableViewController.swift */; };
		5290EAC928A3C1D300139DD3 /* TableViewController.xib in Resources */ = {isa = PBXBuildFile; fileRef = 5290EAC728A3C1D300139DD3 /* TableViewController.xib */; };
		5290EACC28A3C30100139DD3 /* CalenderViewController.swift in Sources */ = {isa = PBXBuildFile; fileRef = 5290EACA28A3C30100139DD3 /* CalenderViewController.swift */; };
		5290EACD28A3C30100139DD3 /* CalenderViewController.xib in Resources */ = {isa = PBXBuildFile; fileRef = 5290EACB28A3C30100139DD3 /* CalenderViewController.xib */; };
		5290EAD128A3C59A00139DD3 /* HeightSliderViewController.swift in Sources */ = {isa = PBXBuildFile; fileRef = 5290EACF28A3C59A00139DD3 /* HeightSliderViewController.swift */; };
		5290EAD228A3C59A00139DD3 /* HeightSliderViewController.xib in Resources */ = {isa = PBXBuildFile; fileRef = 5290EAD028A3C59A00139DD3 /* HeightSliderViewController.xib */; };
		5290EAD628A3C76000139DD3 /* WeightViewController.swift in Sources */ = {isa = PBXBuildFile; fileRef = 5290EAD428A3C76000139DD3 /* WeightViewController.swift */; };
		5290EAD728A3C76000139DD3 /* WeightViewController.xib in Resources */ = {isa = PBXBuildFile; fileRef = 5290EAD528A3C76000139DD3 /* WeightViewController.xib */; };
		5292F5A7289BD35B00221F36 /* radioBtnController.swift in Sources */ = {isa = PBXBuildFile; fileRef = 5292F5A6289BD35B00221F36 /* radioBtnController.swift */; };
		529A840628AB65FF005D605F /* ResultViewController.swift in Sources */ = {isa = PBXBuildFile; fileRef = 529A840428AB65FF005D605F /* ResultViewController.swift */; };
		529A840728AB65FF005D605F /* ResultViewController.xib in Resources */ = {isa = PBXBuildFile; fileRef = 529A840528AB65FF005D605F /* ResultViewController.xib */; };
		529A840928AB7A13005D605F /* UserDetailsViewPresenter.swift in Sources */ = {isa = PBXBuildFile; fileRef = 529A840828AB7A13005D605F /* UserDetailsViewPresenter.swift */; };
		529E673A28ACF0A400DDEC96 /* ProfileViewController.swift in Sources */ = {isa = PBXBuildFile; fileRef = 529E673828ACF0A400DDEC96 /* ProfileViewController.swift */; };
		529E673B28ACF0A400DDEC96 /* ProfileViewController.xib in Resources */ = {isa = PBXBuildFile; fileRef = 529E673928ACF0A400DDEC96 /* ProfileViewController.xib */; };
		52A3DB27289A37330094671D /* AppDelegate.swift in Sources */ = {isa = PBXBuildFile; fileRef = 52A3DB26289A37330094671D /* AppDelegate.swift */; };
		52A3DB29289A37330094671D /* SceneDelegate.swift in Sources */ = {isa = PBXBuildFile; fileRef = 52A3DB28289A37330094671D /* SceneDelegate.swift */; };
		52A3DB2B289A37330094671D /* ViewController.swift in Sources */ = {isa = PBXBuildFile; fileRef = 52A3DB2A289A37330094671D /* ViewController.swift */; };
		52A3DB2E289A37330094671D /* Main.storyboard in Resources */ = {isa = PBXBuildFile; fileRef = 52A3DB2C289A37330094671D /* Main.storyboard */; };
		52A3DB30289A37350094671D /* Assets.xcassets in Resources */ = {isa = PBXBuildFile; fileRef = 52A3DB2F289A37350094671D /* Assets.xcassets */; };
		52A3DB33289A37350094671D /* LaunchScreen.storyboard in Resources */ = {isa = PBXBuildFile; fileRef = 52A3DB31289A37350094671D /* LaunchScreen.storyboard */; };
		52A3DB3E289A37350094671D /* Vantage_FitTests.swift in Sources */ = {isa = PBXBuildFile; fileRef = 52A3DB3D289A37350094671D /* Vantage_FitTests.swift */; };
		52A3DB48289A37350094671D /* Vantage_FitUITests.swift in Sources */ = {isa = PBXBuildFile; fileRef = 52A3DB47289A37350094671D /* Vantage_FitUITests.swift */; };
		52A3DB4A289A37350094671D /* Vantage_FitUITestsLaunchTests.swift in Sources */ = {isa = PBXBuildFile; fileRef = 52A3DB49289A37350094671D /* Vantage_FitUITestsLaunchTests.swift */; };
		52A3DB58289A75830094671D /* TableViewHeader.swift in Sources */ = {isa = PBXBuildFile; fileRef = 52A3DB56289A75830094671D /* TableViewHeader.swift */; };
		52A3DB59289A75830094671D /* TableViewHeader.xib in Resources */ = {isa = PBXBuildFile; fileRef = 52A3DB57289A75830094671D /* TableViewHeader.xib */; };
		52A3DB5C289A77EA0094671D /* TableViewFooterBtn.swift in Sources */ = {isa = PBXBuildFile; fileRef = 52A3DB5A289A77EA0094671D /* TableViewFooterBtn.swift */; };
		52A3DB5D289A77EA0094671D /* TableViewFooterBtn.xib in Resources */ = {isa = PBXBuildFile; fileRef = 52A3DB5B289A77EA0094671D /* TableViewFooterBtn.xib */; };
		52A3DB60289A795F0094671D /* TableViewDOB.swift in Sources */ = {isa = PBXBuildFile; fileRef = 52A3DB5E289A795F0094671D /* TableViewDOB.swift */; };
		52A3DB61289A795F0094671D /* TableViewDOB.xib in Resources */ = {isa = PBXBuildFile; fileRef = 52A3DB5F289A795F0094671D /* TableViewDOB.xib */; };
		52A3DB64289A7DF70094671D /* TableViewHeightWeight.swift in Sources */ = {isa = PBXBuildFile; fileRef = 52A3DB62289A7DF70094671D /* TableViewHeightWeight.swift */; };
		52A3DB65289A7DF70094671D /* TableViewHeightWeight.xib in Resources */ = {isa = PBXBuildFile; fileRef = 52A3DB63289A7DF70094671D /* TableViewHeightWeight.xib */; };
		52AA08E728AD034F006FD447 /* HomeViewController.swift in Sources */ = {isa = PBXBuildFile; fileRef = 52AA08E528AD034F006FD447 /* HomeViewController.swift */; };
		52AA08E828AD034F006FD447 /* HomeViewController.xib in Resources */ = {isa = PBXBuildFile; fileRef = 52AA08E628AD034F006FD447 /* HomeViewController.xib */; };
		52C228C528A4C38B00C632F6 /* UserVitals.swift in Sources */ = {isa = PBXBuildFile; fileRef = 52C228C428A4C38B00C632F6 /* UserVitals.swift */; };
		52C228C828A4CB9C00C632F6 /* Gender.swift in Sources */ = {isa = PBXBuildFile; fileRef = 52C228C728A4CB9C00C632F6 /* Gender.swift */; };
		52C6020628ACAA9700FB369F /* DOBCellToCalenderView.swift in Sources */ = {isa = PBXBuildFile; fileRef = 52C6020528ACAA9700FB369F /* DOBCellToCalenderView.swift */; };
		52CD2A94289CF627006CE4AC /* TableViewGendertwo.swift in Sources */ = {isa = PBXBuildFile; fileRef = 52CD2A92289CF627006CE4AC /* TableViewGendertwo.swift */; };
		52CD2A95289CF627006CE4AC /* TableViewGendertwo.xib in Resources */ = {isa = PBXBuildFile; fileRef = 52CD2A93289CF627006CE4AC /* TableViewGendertwo.xib */; };
		52E68A3228ACC57500E26740 /* GoogleService-Info.plist in Resources */ = {isa = PBXBuildFile; fileRef = 52E68A3128ACC57500E26740 /* GoogleService-Info.plist */; };
		52E68A3628ACC9A500E26740 /* LoginViewController.swift in Sources */ = {isa = PBXBuildFile; fileRef = 52E68A3428ACC9A500E26740 /* LoginViewController.swift */; };
		52E68A3728ACC9A500E26740 /* LoginViewController.xib in Resources */ = {isa = PBXBuildFile; fileRef = 52E68A3528ACC9A500E26740 /* LoginViewController.xib */; };
		78A0BC111024A8CB66090E69 /* Pods_Vantage_Fit.framework in Frameworks */ = {isa = PBXBuildFile; fileRef = 316D7A72BF4269D4CAEB65A0 /* Pods_Vantage_Fit.framework */; };
		876AD70E44CA9359C522227D /* Pods_Vantage_Fit_Vantage_FitUITests.framework in Frameworks */ = {isa = PBXBuildFile; fileRef = D0D0DB967C37626C6F49103E /* Pods_Vantage_Fit_Vantage_FitUITests.framework */; };
		FFF039BB5013B9890166279E /* Pods_Vantage_FitTests.framework in Frameworks */ = {isa = PBXBuildFile; fileRef = 39D03E2F2D2A33A6411EA835 /* Pods_Vantage_FitTests.framework */; };
/* End PBXBuildFile section */

/* Begin PBXContainerItemProxy section */
		52A3DB3A289A37350094671D /* PBXContainerItemProxy */ = {
			isa = PBXContainerItemProxy;
			containerPortal = 52A3DB1B289A37330094671D /* Project object */;
			proxyType = 1;
			remoteGlobalIDString = 52A3DB22289A37330094671D;
			remoteInfo = "Vantage Fit";
		};
		52A3DB44289A37350094671D /* PBXContainerItemProxy */ = {
			isa = PBXContainerItemProxy;
			containerPortal = 52A3DB1B289A37330094671D /* Project object */;
			proxyType = 1;
			remoteGlobalIDString = 52A3DB22289A37330094671D;
			remoteInfo = "Vantage Fit";
		};
/* End PBXContainerItemProxy section */

/* Begin PBXFileReference section */
		08032FC2849D86D77307CA22 /* Pods-Vantage Fit-Vantage FitUITests.release.xcconfig */ = {isa = PBXFileReference; includeInIndex = 1; lastKnownFileType = text.xcconfig; name = "Pods-Vantage Fit-Vantage FitUITests.release.xcconfig"; path = "Target Support Files/Pods-Vantage Fit-Vantage FitUITests/Pods-Vantage Fit-Vantage FitUITests.release.xcconfig"; sourceTree = "<group>"; };
		0B3EDD3B2FFC44205EE5E73E /* Pods-Vantage FitTests.debug.xcconfig */ = {isa = PBXFileReference; includeInIndex = 1; lastKnownFileType = text.xcconfig; name = "Pods-Vantage FitTests.debug.xcconfig"; path = "Target Support Files/Pods-Vantage FitTests/Pods-Vantage FitTests.debug.xcconfig"; sourceTree = "<group>"; };
		316D7A72BF4269D4CAEB65A0 /* Pods_Vantage_Fit.framework */ = {isa = PBXFileReference; explicitFileType = wrapper.framework; includeInIndex = 0; path = Pods_Vantage_Fit.framework; sourceTree = BUILT_PRODUCTS_DIR; };
		39D03E2F2D2A33A6411EA835 /* Pods_Vantage_FitTests.framework */ = {isa = PBXFileReference; explicitFileType = wrapper.framework; includeInIndex = 0; path = Pods_Vantage_FitTests.framework; sourceTree = BUILT_PRODUCTS_DIR; };
		526CAAD628A80FE700125A00 /* UnitConverters.swift */ = {isa = PBXFileReference; lastKnownFileType = sourcecode.swift; path = UnitConverters.swift; sourceTree = "<group>"; };
		5271C7B728A225C800278C68 /* Global.swift */ = {isa = PBXFileReference; lastKnownFileType = sourcecode.swift; path = Global.swift; sourceTree = "<group>"; };
		5285262628A51C7400F742D1 /* MeasurementUnits.swift */ = {isa = PBXFileReference; lastKnownFileType = sourcecode.swift; path = MeasurementUnits.swift; sourceTree = "<group>"; };
		5290EAC628A3C1D300139DD3 /* TableViewController.swift */ = {isa = PBXFileReference; lastKnownFileType = sourcecode.swift; path = TableViewController.swift; sourceTree = "<group>"; };
		5290EAC728A3C1D300139DD3 /* TableViewController.xib */ = {isa = PBXFileReference; lastKnownFileType = file.xib; path = TableViewController.xib; sourceTree = "<group>"; };
		5290EACA28A3C30100139DD3 /* CalenderViewController.swift */ = {isa = PBXFileReference; lastKnownFileType = sourcecode.swift; path = CalenderViewController.swift; sourceTree = "<group>"; };
		5290EACB28A3C30100139DD3 /* CalenderViewController.xib */ = {isa = PBXFileReference; lastKnownFileType = file.xib; path = CalenderViewController.xib; sourceTree = "<group>"; };
		5290EACF28A3C59A00139DD3 /* HeightSliderViewController.swift */ = {isa = PBXFileReference; lastKnownFileType = sourcecode.swift; path = HeightSliderViewController.swift; sourceTree = "<group>"; };
		5290EAD028A3C59A00139DD3 /* HeightSliderViewController.xib */ = {isa = PBXFileReference; lastKnownFileType = file.xib; path = HeightSliderViewController.xib; sourceTree = "<group>"; };
		5290EAD428A3C76000139DD3 /* WeightViewController.swift */ = {isa = PBXFileReference; lastKnownFileType = sourcecode.swift; path = WeightViewController.swift; sourceTree = "<group>"; };
		5290EAD528A3C76000139DD3 /* WeightViewController.xib */ = {isa = PBXFileReference; lastKnownFileType = file.xib; path = WeightViewController.xib; sourceTree = "<group>"; };
		5292F5A6289BD35B00221F36 /* radioBtnController.swift */ = {isa = PBXFileReference; lastKnownFileType = sourcecode.swift; path = radioBtnController.swift; sourceTree = "<group>"; };
		529A840428AB65FF005D605F /* ResultViewController.swift */ = {isa = PBXFileReference; lastKnownFileType = sourcecode.swift; path = ResultViewController.swift; sourceTree = "<group>"; };
		529A840528AB65FF005D605F /* ResultViewController.xib */ = {isa = PBXFileReference; lastKnownFileType = file.xib; path = ResultViewController.xib; sourceTree = "<group>"; };
		529A840828AB7A13005D605F /* UserDetailsViewPresenter.swift */ = {isa = PBXFileReference; lastKnownFileType = sourcecode.swift; path = UserDetailsViewPresenter.swift; sourceTree = "<group>"; };
		529E673828ACF0A400DDEC96 /* ProfileViewController.swift */ = {isa = PBXFileReference; lastKnownFileType = sourcecode.swift; path = ProfileViewController.swift; sourceTree = "<group>"; };
		529E673928ACF0A400DDEC96 /* ProfileViewController.xib */ = {isa = PBXFileReference; lastKnownFileType = file.xib; path = ProfileViewController.xib; sourceTree = "<group>"; };
		52A3DB23289A37330094671D /* Vantage Fit.app */ = {isa = PBXFileReference; explicitFileType = wrapper.application; includeInIndex = 0; path = "Vantage Fit.app"; sourceTree = BUILT_PRODUCTS_DIR; };
		52A3DB26289A37330094671D /* AppDelegate.swift */ = {isa = PBXFileReference; lastKnownFileType = sourcecode.swift; path = AppDelegate.swift; sourceTree = "<group>"; };
		52A3DB28289A37330094671D /* SceneDelegate.swift */ = {isa = PBXFileReference; lastKnownFileType = sourcecode.swift; path = SceneDelegate.swift; sourceTree = "<group>"; };
		52A3DB2A289A37330094671D /* ViewController.swift */ = {isa = PBXFileReference; lastKnownFileType = sourcecode.swift; path = ViewController.swift; sourceTree = "<group>"; };
		52A3DB2D289A37330094671D /* Base */ = {isa = PBXFileReference; lastKnownFileType = file.storyboard; name = Base; path = Base.lproj/Main.storyboard; sourceTree = "<group>"; };
		52A3DB2F289A37350094671D /* Assets.xcassets */ = {isa = PBXFileReference; lastKnownFileType = folder.assetcatalog; path = Assets.xcassets; sourceTree = "<group>"; };
		52A3DB32289A37350094671D /* Base */ = {isa = PBXFileReference; lastKnownFileType = file.storyboard; name = Base; path = Base.lproj/LaunchScreen.storyboard; sourceTree = "<group>"; };
		52A3DB34289A37350094671D /* Info.plist */ = {isa = PBXFileReference; lastKnownFileType = text.plist.xml; path = Info.plist; sourceTree = "<group>"; };
		52A3DB39289A37350094671D /* Vantage FitTests.xctest */ = {isa = PBXFileReference; explicitFileType = wrapper.cfbundle; includeInIndex = 0; path = "Vantage FitTests.xctest"; sourceTree = BUILT_PRODUCTS_DIR; };
		52A3DB3D289A37350094671D /* Vantage_FitTests.swift */ = {isa = PBXFileReference; lastKnownFileType = sourcecode.swift; path = Vantage_FitTests.swift; sourceTree = "<group>"; };
		52A3DB43289A37350094671D /* Vantage FitUITests.xctest */ = {isa = PBXFileReference; explicitFileType = wrapper.cfbundle; includeInIndex = 0; path = "Vantage FitUITests.xctest"; sourceTree = BUILT_PRODUCTS_DIR; };
		52A3DB47289A37350094671D /* Vantage_FitUITests.swift */ = {isa = PBXFileReference; lastKnownFileType = sourcecode.swift; path = Vantage_FitUITests.swift; sourceTree = "<group>"; };
		52A3DB49289A37350094671D /* Vantage_FitUITestsLaunchTests.swift */ = {isa = PBXFileReference; lastKnownFileType = sourcecode.swift; path = Vantage_FitUITestsLaunchTests.swift; sourceTree = "<group>"; };
		52A3DB56289A75830094671D /* TableViewHeader.swift */ = {isa = PBXFileReference; lastKnownFileType = sourcecode.swift; path = TableViewHeader.swift; sourceTree = "<group>"; };
		52A3DB57289A75830094671D /* TableViewHeader.xib */ = {isa = PBXFileReference; lastKnownFileType = file.xib; path = TableViewHeader.xib; sourceTree = "<group>"; };
		52A3DB5A289A77EA0094671D /* TableViewFooterBtn.swift */ = {isa = PBXFileReference; lastKnownFileType = sourcecode.swift; path = TableViewFooterBtn.swift; sourceTree = "<group>"; };
		52A3DB5B289A77EA0094671D /* TableViewFooterBtn.xib */ = {isa = PBXFileReference; lastKnownFileType = file.xib; path = TableViewFooterBtn.xib; sourceTree = "<group>"; };
		52A3DB5E289A795F0094671D /* TableViewDOB.swift */ = {isa = PBXFileReference; lastKnownFileType = sourcecode.swift; path = TableViewDOB.swift; sourceTree = "<group>"; };
		52A3DB5F289A795F0094671D /* TableViewDOB.xib */ = {isa = PBXFileReference; lastKnownFileType = file.xib; path = TableViewDOB.xib; sourceTree = "<group>"; };
		52A3DB62289A7DF70094671D /* TableViewHeightWeight.swift */ = {isa = PBXFileReference; lastKnownFileType = sourcecode.swift; path = TableViewHeightWeight.swift; sourceTree = "<group>"; };
		52A3DB63289A7DF70094671D /* TableViewHeightWeight.xib */ = {isa = PBXFileReference; lastKnownFileType = file.xib; path = TableViewHeightWeight.xib; sourceTree = "<group>"; };
		52AA08E528AD034F006FD447 /* HomeViewController.swift */ = {isa = PBXFileReference; lastKnownFileType = sourcecode.swift; path = HomeViewController.swift; sourceTree = "<group>"; };
		52AA08E628AD034F006FD447 /* HomeViewController.xib */ = {isa = PBXFileReference; lastKnownFileType = file.xib; path = HomeViewController.xib; sourceTree = "<group>"; };
		52C228C428A4C38B00C632F6 /* UserVitals.swift */ = {isa = PBXFileReference; lastKnownFileType = sourcecode.swift; path = UserVitals.swift; sourceTree = "<group>"; };
		52C228C728A4CB9C00C632F6 /* Gender.swift */ = {isa = PBXFileReference; lastKnownFileType = sourcecode.swift; path = Gender.swift; sourceTree = "<group>"; };
		52C6020528ACAA9700FB369F /* DOBCellToCalenderView.swift */ = {isa = PBXFileReference; lastKnownFileType = sourcecode.swift; path = DOBCellToCalenderView.swift; sourceTree = "<group>"; };
		52CD2A92289CF627006CE4AC /* TableViewGendertwo.swift */ = {isa = PBXFileReference; lastKnownFileType = sourcecode.swift; path = TableViewGendertwo.swift; sourceTree = "<group>"; };
		52CD2A93289CF627006CE4AC /* TableViewGendertwo.xib */ = {isa = PBXFileReference; lastKnownFileType = file.xib; path = TableViewGendertwo.xib; sourceTree = "<group>"; };
		52E68A3128ACC57500E26740 /* GoogleService-Info.plist */ = {isa = PBXFileReference; fileEncoding = 4; lastKnownFileType = text.plist.xml; path = "GoogleService-Info.plist"; sourceTree = "<group>"; };
		52E68A3428ACC9A500E26740 /* LoginViewController.swift */ = {isa = PBXFileReference; lastKnownFileType = sourcecode.swift; path = LoginViewController.swift; sourceTree = "<group>"; };
		52E68A3528ACC9A500E26740 /* LoginViewController.xib */ = {isa = PBXFileReference; lastKnownFileType = file.xib; path = LoginViewController.xib; sourceTree = "<group>"; };
		6908CFC8C1B245887217ABF4 /* Pods-Vantage Fit.debug.xcconfig */ = {isa = PBXFileReference; includeInIndex = 1; lastKnownFileType = text.xcconfig; name = "Pods-Vantage Fit.debug.xcconfig"; path = "Target Support Files/Pods-Vantage Fit/Pods-Vantage Fit.debug.xcconfig"; sourceTree = "<group>"; };
		711BDDF966410F54374C04D0 /* Pods-Vantage Fit-Vantage FitUITests.debug.xcconfig */ = {isa = PBXFileReference; includeInIndex = 1; lastKnownFileType = text.xcconfig; name = "Pods-Vantage Fit-Vantage FitUITests.debug.xcconfig"; path = "Target Support Files/Pods-Vantage Fit-Vantage FitUITests/Pods-Vantage Fit-Vantage FitUITests.debug.xcconfig"; sourceTree = "<group>"; };
		83F889C2B97932B4B8ED75DC /* Pods-Vantage Fit.release.xcconfig */ = {isa = PBXFileReference; includeInIndex = 1; lastKnownFileType = text.xcconfig; name = "Pods-Vantage Fit.release.xcconfig"; path = "Target Support Files/Pods-Vantage Fit/Pods-Vantage Fit.release.xcconfig"; sourceTree = "<group>"; };
		D0D0DB967C37626C6F49103E /* Pods_Vantage_Fit_Vantage_FitUITests.framework */ = {isa = PBXFileReference; explicitFileType = wrapper.framework; includeInIndex = 0; path = Pods_Vantage_Fit_Vantage_FitUITests.framework; sourceTree = BUILT_PRODUCTS_DIR; };
		E27BF9E51579117DB483917E /* Pods-Vantage FitTests.release.xcconfig */ = {isa = PBXFileReference; includeInIndex = 1; lastKnownFileType = text.xcconfig; name = "Pods-Vantage FitTests.release.xcconfig"; path = "Target Support Files/Pods-Vantage FitTests/Pods-Vantage FitTests.release.xcconfig"; sourceTree = "<group>"; };
/* End PBXFileReference section */

/* Begin PBXFrameworksBuildPhase section */
		52A3DB20289A37330094671D /* Frameworks */ = {
			isa = PBXFrameworksBuildPhase;
			buildActionMask = 2147483647;
			files = (
				78A0BC111024A8CB66090E69 /* Pods_Vantage_Fit.framework in Frameworks */,
			);
			runOnlyForDeploymentPostprocessing = 0;
		};
		52A3DB36289A37350094671D /* Frameworks */ = {
			isa = PBXFrameworksBuildPhase;
			buildActionMask = 2147483647;
			files = (
				FFF039BB5013B9890166279E /* Pods_Vantage_FitTests.framework in Frameworks */,
			);
			runOnlyForDeploymentPostprocessing = 0;
		};
		52A3DB40289A37350094671D /* Frameworks */ = {
			isa = PBXFrameworksBuildPhase;
			buildActionMask = 2147483647;
			files = (
				876AD70E44CA9359C522227D /* Pods_Vantage_Fit_Vantage_FitUITests.framework in Frameworks */,
			);
			runOnlyForDeploymentPostprocessing = 0;
		};
/* End PBXFrameworksBuildPhase section */

/* Begin PBXGroup section */
		526CAAD528A80FC600125A00 /* Utility */ = {
			isa = PBXGroup;
			children = (
				526CAAD628A80FE700125A00 /* UnitConverters.swift */,
			);
			path = Utility;
			sourceTree = "<group>";
		};
		528EE04D289B83E100AD9D13 /* Table Cells */ = {
			isa = PBXGroup;
			children = (
				5290EAC028A3C14F00139DD3 /* Table Header */,
				5290EAC128A3C16000139DD3 /* Table Footer Btn */,
				5290EAC428A3C19700139DD3 /* Table Gender */,
				5290EAC228A3C17100139DD3 /* Table Dob */,
				5290EAC328A3C18500139DD3 /* Table Height Weight */,
			);
			path = "Table Cells";
			sourceTree = "<group>";
		};
		5290EABE28A3798200139DD3 /* others */ = {
			isa = PBXGroup;
			children = (
				5292F5A6289BD35B00221F36 /* radioBtnController.swift */,
				5271C7B728A225C800278C68 /* Global.swift */,
			);
			path = others;
			sourceTree = "<group>";
		};
		5290EAC028A3C14F00139DD3 /* Table Header */ = {
			isa = PBXGroup;
			children = (
				52A3DB56289A75830094671D /* TableViewHeader.swift */,
				52A3DB57289A75830094671D /* TableViewHeader.xib */,
			);
			path = "Table Header";
			sourceTree = "<group>";
		};
		5290EAC128A3C16000139DD3 /* Table Footer Btn */ = {
			isa = PBXGroup;
			children = (
				52A3DB5A289A77EA0094671D /* TableViewFooterBtn.swift */,
				52A3DB5B289A77EA0094671D /* TableViewFooterBtn.xib */,
			);
			path = "Table Footer Btn";
			sourceTree = "<group>";
		};
		5290EAC228A3C17100139DD3 /* Table Dob */ = {
			isa = PBXGroup;
			children = (
				52A3DB5E289A795F0094671D /* TableViewDOB.swift */,
				52A3DB5F289A795F0094671D /* TableViewDOB.xib */,
			);
			path = "Table Dob";
			sourceTree = "<group>";
		};
		5290EAC328A3C18500139DD3 /* Table Height Weight */ = {
			isa = PBXGroup;
			children = (
				52A3DB62289A7DF70094671D /* TableViewHeightWeight.swift */,
				52A3DB63289A7DF70094671D /* TableViewHeightWeight.xib */,
			);
			path = "Table Height Weight";
			sourceTree = "<group>";
		};
		5290EAC428A3C19700139DD3 /* Table Gender */ = {
			isa = PBXGroup;
			children = (
				52CD2A92289CF627006CE4AC /* TableViewGendertwo.swift */,
				52CD2A93289CF627006CE4AC /* TableViewGendertwo.xib */,
			);
			path = "Table Gender";
			sourceTree = "<group>";
		};
		5290EAC528A3C1B600139DD3 /* Table */ = {
			isa = PBXGroup;
			children = (
				5290EAC628A3C1D300139DD3 /* TableViewController.swift */,
				5290EAC728A3C1D300139DD3 /* TableViewController.xib */,
			);
			path = Table;
			sourceTree = "<group>";
		};
		5290EACE28A3C3F500139DD3 /* CalenderVC */ = {
			isa = PBXGroup;
			children = (
				5290EACA28A3C30100139DD3 /* CalenderViewController.swift */,
				5290EACB28A3C30100139DD3 /* CalenderViewController.xib */,
			);
			path = CalenderVC;
			sourceTree = "<group>";
		};
		5290EAD328A3C74100139DD3 /* Height Slider VC */ = {
			isa = PBXGroup;
			children = (
				5290EACF28A3C59A00139DD3 /* HeightSliderViewController.swift */,
				5290EAD028A3C59A00139DD3 /* HeightSliderViewController.xib */,
			);
			path = "Height Slider VC";
			sourceTree = "<group>";
		};
		5290EAD828A3C81E00139DD3 /* Weight Slider VC */ = {
			isa = PBXGroup;
			children = (
				5290EAD428A3C76000139DD3 /* WeightViewController.swift */,
				5290EAD528A3C76000139DD3 /* WeightViewController.xib */,
			);
			path = "Weight Slider VC";
			sourceTree = "<group>";
		};
		529A840328AB65E3005D605F /* Result VC */ = {
			isa = PBXGroup;
			children = (
				529A840428AB65FF005D605F /* ResultViewController.swift */,
				529A840528AB65FF005D605F /* ResultViewController.xib */,
			);
			path = "Result VC";
			sourceTree = "<group>";
		};
		529A840A28AB9C98005D605F /* Screens */ = {
			isa = PBXGroup;
			children = (
				52AA08E428AD032D006FD447 /* Home */,
				529E673728ACF06000DDEC96 /* Profile */,
				52E68A3328ACC99100E26740 /* Login */,
				529A840328AB65E3005D605F /* Result VC */,
				5290EAD828A3C81E00139DD3 /* Weight Slider VC */,
				5290EAD328A3C74100139DD3 /* Height Slider VC */,
				5290EACE28A3C3F500139DD3 /* CalenderVC */,
			);
			path = Screens;
			sourceTree = "<group>";
		};
		529E673728ACF06000DDEC96 /* Profile */ = {
			isa = PBXGroup;
			children = (
				529E673828ACF0A400DDEC96 /* ProfileViewController.swift */,
				529E673928ACF0A400DDEC96 /* ProfileViewController.xib */,
			);
			path = Profile;
			sourceTree = "<group>";
		};
		52A3DB1A289A37330094671D = {
			isa = PBXGroup;
			children = (
				52A3DB25289A37330094671D /* Vantage Fit */,
				52A3DB3C289A37350094671D /* Vantage FitTests */,
				52A3DB46289A37350094671D /* Vantage FitUITests */,
				52A3DB24289A37330094671D /* Products */,
				869BBDBD90F7F0FA54B99F06 /* Pods */,
				EF8C631108EACFDB5E8429C1 /* Frameworks */,
			);
			sourceTree = "<group>";
		};
		52A3DB24289A37330094671D /* Products */ = {
			isa = PBXGroup;
			children = (
				52A3DB23289A37330094671D /* Vantage Fit.app */,
				52A3DB39289A37350094671D /* Vantage FitTests.xctest */,
				52A3DB43289A37350094671D /* Vantage FitUITests.xctest */,
			);
			name = Products;
			sourceTree = "<group>";
		};
		52A3DB25289A37330094671D /* Vantage Fit */ = {
			isa = PBXGroup;
			children = (
				52E68A3128ACC57500E26740 /* GoogleService-Info.plist */,
				52A3DB34289A37350094671D /* Info.plist */,
				52A3DB26289A37330094671D /* AppDelegate.swift */,
				52A3DB28289A37330094671D /* SceneDelegate.swift */,
				52A3DB2A289A37330094671D /* ViewController.swift */,
				52A3DB2C289A37330094671D /* Main.storyboard */,
				52C6020428ACAA3500FB369F /* Navigation */,
				526CAAD528A80FC600125A00 /* Utility */,
				52C228C328A4C34B00C632F6 /* Models */,
				5290EAC528A3C1B600139DD3 /* Table */,
				528EE04D289B83E100AD9D13 /* Table Cells */,
				529A840A28AB9C98005D605F /* Screens */,
				52A3DB2F289A37350094671D /* Assets.xcassets */,
				52A3DB31289A37350094671D /* LaunchScreen.storyboard */,
				5290EABE28A3798200139DD3 /* others */,
			);
			path = "Vantage Fit";
			sourceTree = "<group>";
		};
		52A3DB3C289A37350094671D /* Vantage FitTests */ = {
			isa = PBXGroup;
			children = (
				52A3DB3D289A37350094671D /* Vantage_FitTests.swift */,
			);
			path = "Vantage FitTests";
			sourceTree = "<group>";
		};
		52A3DB46289A37350094671D /* Vantage FitUITests */ = {
			isa = PBXGroup;
			children = (
				52A3DB47289A37350094671D /* Vantage_FitUITests.swift */,
				52A3DB49289A37350094671D /* Vantage_FitUITestsLaunchTests.swift */,
			);
			path = "Vantage FitUITests";
			sourceTree = "<group>";
		};
		52AA08E428AD032D006FD447 /* Home */ = {
			isa = PBXGroup;
			children = (
				52AA08E528AD034F006FD447 /* HomeViewController.swift */,
				52AA08E628AD034F006FD447 /* HomeViewController.xib */,
			);
			path = Home;
			sourceTree = "<group>";
		};
		52C228C328A4C34B00C632F6 /* Models */ = {
			isa = PBXGroup;
			children = (
				52C228C628A4CB8900C632F6 /* Enums */,
				52C228C428A4C38B00C632F6 /* UserVitals.swift */,
				529A840828AB7A13005D605F /* UserDetailsViewPresenter.swift */,
			);
			path = Models;
			sourceTree = "<group>";
		};
		52C228C628A4CB8900C632F6 /* Enums */ = {
			isa = PBXGroup;
			children = (
				52C228C728A4CB9C00C632F6 /* Gender.swift */,
				5285262628A51C7400F742D1 /* MeasurementUnits.swift */,
			);
			path = Enums;
			sourceTree = "<group>";
		};
		52C6020428ACAA3500FB369F /* Navigation */ = {
			isa = PBXGroup;
			children = (
				52C6020528ACAA9700FB369F /* DOBCellToCalenderView.swift */,
			);
			path = Navigation;
			sourceTree = "<group>";
		};
		52E68A3328ACC99100E26740 /* Login */ = {
			isa = PBXGroup;
			children = (
				52E68A3428ACC9A500E26740 /* LoginViewController.swift */,
				52E68A3528ACC9A500E26740 /* LoginViewController.xib */,
			);
			path = Login;
			sourceTree = "<group>";
		};
		869BBDBD90F7F0FA54B99F06 /* Pods */ = {
			isa = PBXGroup;
			children = (
				6908CFC8C1B245887217ABF4 /* Pods-Vantage Fit.debug.xcconfig */,
				83F889C2B97932B4B8ED75DC /* Pods-Vantage Fit.release.xcconfig */,
				711BDDF966410F54374C04D0 /* Pods-Vantage Fit-Vantage FitUITests.debug.xcconfig */,
				08032FC2849D86D77307CA22 /* Pods-Vantage Fit-Vantage FitUITests.release.xcconfig */,
				0B3EDD3B2FFC44205EE5E73E /* Pods-Vantage FitTests.debug.xcconfig */,
				E27BF9E51579117DB483917E /* Pods-Vantage FitTests.release.xcconfig */,
			);
			path = Pods;
			sourceTree = "<group>";
		};
		EF8C631108EACFDB5E8429C1 /* Frameworks */ = {
			isa = PBXGroup;
			children = (
				316D7A72BF4269D4CAEB65A0 /* Pods_Vantage_Fit.framework */,
				D0D0DB967C37626C6F49103E /* Pods_Vantage_Fit_Vantage_FitUITests.framework */,
				39D03E2F2D2A33A6411EA835 /* Pods_Vantage_FitTests.framework */,
			);
			name = Frameworks;
			sourceTree = "<group>";
		};
/* End PBXGroup section */

/* Begin PBXNativeTarget section */
		52A3DB22289A37330094671D /* Vantage Fit */ = {
			isa = PBXNativeTarget;
			buildConfigurationList = 52A3DB4D289A37350094671D /* Build configuration list for PBXNativeTarget "Vantage Fit" */;
			buildPhases = (
				2955308657E04276F2D3B35A /* [CP] Check Pods Manifest.lock */,
				52A3DB1F289A37330094671D /* Sources */,
				52A3DB20289A37330094671D /* Frameworks */,
				52A3DB21289A37330094671D /* Resources */,
				CF77480301BBA26A54959F77 /* [CP] Embed Pods Frameworks */,
				3ED349C72CB46C9167EFA705 /* [CP] Copy Pods Resources */,
			);
			buildRules = (
			);
			dependencies = (
			);
			name = "Vantage Fit";
			productName = "Vantage Fit";
			productReference = 52A3DB23289A37330094671D /* Vantage Fit.app */;
			productType = "com.apple.product-type.application";
		};
		52A3DB38289A37350094671D /* Vantage FitTests */ = {
			isa = PBXNativeTarget;
			buildConfigurationList = 52A3DB50289A37350094671D /* Build configuration list for PBXNativeTarget "Vantage FitTests" */;
			buildPhases = (
				CC8E5C45C4110B702B9D31E0 /* [CP] Check Pods Manifest.lock */,
				52A3DB35289A37350094671D /* Sources */,
				52A3DB36289A37350094671D /* Frameworks */,
				52A3DB37289A37350094671D /* Resources */,
			);
			buildRules = (
			);
			dependencies = (
				52A3DB3B289A37350094671D /* PBXTargetDependency */,
			);
			name = "Vantage FitTests";
			productName = "Vantage FitTests";
			productReference = 52A3DB39289A37350094671D /* Vantage FitTests.xctest */;
			productType = "com.apple.product-type.bundle.unit-test";
		};
		52A3DB42289A37350094671D /* Vantage FitUITests */ = {
			isa = PBXNativeTarget;
			buildConfigurationList = 52A3DB53289A37350094671D /* Build configuration list for PBXNativeTarget "Vantage FitUITests" */;
			buildPhases = (
				C05A9B8CA59EB0F64DC6928F /* [CP] Check Pods Manifest.lock */,
				52A3DB3F289A37350094671D /* Sources */,
				52A3DB40289A37350094671D /* Frameworks */,
				52A3DB41289A37350094671D /* Resources */,
				2428EC3647F77EBAAB34CFBC /* [CP] Embed Pods Frameworks */,
				3FDB732C7ED357532295D7CD /* [CP] Copy Pods Resources */,
			);
			buildRules = (
			);
			dependencies = (
				52A3DB45289A37350094671D /* PBXTargetDependency */,
			);
			name = "Vantage FitUITests";
			productName = "Vantage FitUITests";
			productReference = 52A3DB43289A37350094671D /* Vantage FitUITests.xctest */;
			productType = "com.apple.product-type.bundle.ui-testing";
		};
/* End PBXNativeTarget section */

/* Begin PBXProject section */
		52A3DB1B289A37330094671D /* Project object */ = {
			isa = PBXProject;
			attributes = {
				BuildIndependentTargetsInParallel = 1;
				LastSwiftUpdateCheck = 1340;
				LastUpgradeCheck = 1340;
				TargetAttributes = {
					52A3DB22289A37330094671D = {
						CreatedOnToolsVersion = 13.4.1;
					};
					52A3DB38289A37350094671D = {
						CreatedOnToolsVersion = 13.4.1;
						TestTargetID = 52A3DB22289A37330094671D;
					};
					52A3DB42289A37350094671D = {
						CreatedOnToolsVersion = 13.4.1;
						TestTargetID = 52A3DB22289A37330094671D;
					};
				};
			};
			buildConfigurationList = 52A3DB1E289A37330094671D /* Build configuration list for PBXProject "Vantage Fit" */;
			compatibilityVersion = "Xcode 13.0";
			developmentRegion = en;
			hasScannedForEncodings = 0;
			knownRegions = (
				en,
				Base,
			);
			mainGroup = 52A3DB1A289A37330094671D;
			productRefGroup = 52A3DB24289A37330094671D /* Products */;
			projectDirPath = "";
			projectRoot = "";
			targets = (
				52A3DB22289A37330094671D /* Vantage Fit */,
				52A3DB38289A37350094671D /* Vantage FitTests */,
				52A3DB42289A37350094671D /* Vantage FitUITests */,
			);
		};
/* End PBXProject section */

/* Begin PBXResourcesBuildPhase section */
		52A3DB21289A37330094671D /* Resources */ = {
			isa = PBXResourcesBuildPhase;
			buildActionMask = 2147483647;
			files = (
				5290EACD28A3C30100139DD3 /* CalenderViewController.xib in Resources */,
				52A3DB59289A75830094671D /* TableViewHeader.xib in Resources */,
				52CD2A95289CF627006CE4AC /* TableViewGendertwo.xib in Resources */,
				52A3DB5D289A77EA0094671D /* TableViewFooterBtn.xib in Resources */,
				52A3DB33289A37350094671D /* LaunchScreen.storyboard in Resources */,
				52E68A3728ACC9A500E26740 /* LoginViewController.xib in Resources */,
				52A3DB65289A7DF70094671D /* TableViewHeightWeight.xib in Resources */,
				52A3DB61289A795F0094671D /* TableViewDOB.xib in Resources */,
				5290EAC928A3C1D300139DD3 /* TableViewController.xib in Resources */,
				529A840728AB65FF005D605F /* ResultViewController.xib in Resources */,
				529E673B28ACF0A400DDEC96 /* ProfileViewController.xib in Resources */,
				5290EAD728A3C76000139DD3 /* WeightViewController.xib in Resources */,
				5290EAD228A3C59A00139DD3 /* HeightSliderViewController.xib in Resources */,
				52AA08E828AD034F006FD447 /* HomeViewController.xib in Resources */,
				52A3DB30289A37350094671D /* Assets.xcassets in Resources */,
				52A3DB2E289A37330094671D /* Main.storyboard in Resources */,
				52E68A3228ACC57500E26740 /* GoogleService-Info.plist in Resources */,
			);
			runOnlyForDeploymentPostprocessing = 0;
		};
		52A3DB37289A37350094671D /* Resources */ = {
			isa = PBXResourcesBuildPhase;
			buildActionMask = 2147483647;
			files = (
			);
			runOnlyForDeploymentPostprocessing = 0;
		};
		52A3DB41289A37350094671D /* Resources */ = {
			isa = PBXResourcesBuildPhase;
			buildActionMask = 2147483647;
			files = (
			);
			runOnlyForDeploymentPostprocessing = 0;
		};
/* End PBXResourcesBuildPhase section */

/* Begin PBXShellScriptBuildPhase section */
		2428EC3647F77EBAAB34CFBC /* [CP] Embed Pods Frameworks */ = {
			isa = PBXShellScriptBuildPhase;
			buildActionMask = 2147483647;
			files = (
			);
			inputFileListPaths = (
				"${PODS_ROOT}/Target Support Files/Pods-Vantage Fit-Vantage FitUITests/Pods-Vantage Fit-Vantage FitUITests-frameworks-${CONFIGURATION}-input-files.xcfilelist",
			);
			name = "[CP] Embed Pods Frameworks";
			outputFileListPaths = (
				"${PODS_ROOT}/Target Support Files/Pods-Vantage Fit-Vantage FitUITests/Pods-Vantage Fit-Vantage FitUITests-frameworks-${CONFIGURATION}-output-files.xcfilelist",
			);
			runOnlyForDeploymentPostprocessing = 0;
			shellPath = /bin/sh;
			shellScript = "\"${PODS_ROOT}/Target Support Files/Pods-Vantage Fit-Vantage FitUITests/Pods-Vantage Fit-Vantage FitUITests-frameworks.sh\"\n";
			showEnvVarsInLog = 0;
		};
		2955308657E04276F2D3B35A /* [CP] Check Pods Manifest.lock */ = {
			isa = PBXShellScriptBuildPhase;
			buildActionMask = 2147483647;
			files = (
			);
			inputFileListPaths = (
			);
			inputPaths = (
				"${PODS_PODFILE_DIR_PATH}/Podfile.lock",
				"${PODS_ROOT}/Manifest.lock",
			);
			name = "[CP] Check Pods Manifest.lock";
			outputFileListPaths = (
			);
			outputPaths = (
				"$(DERIVED_FILE_DIR)/Pods-Vantage Fit-checkManifestLockResult.txt",
			);
			runOnlyForDeploymentPostprocessing = 0;
			shellPath = /bin/sh;
			shellScript = "diff \"${PODS_PODFILE_DIR_PATH}/Podfile.lock\" \"${PODS_ROOT}/Manifest.lock\" > /dev/null\nif [ $? != 0 ] ; then\n    # print error to STDERR\n    echo \"error: The sandbox is not in sync with the Podfile.lock. Run 'pod install' or update your CocoaPods installation.\" >&2\n    exit 1\nfi\n# This output is used by Xcode 'outputs' to avoid re-running this script phase.\necho \"SUCCESS\" > \"${SCRIPT_OUTPUT_FILE_0}\"\n";
			showEnvVarsInLog = 0;
		};
		3ED349C72CB46C9167EFA705 /* [CP] Copy Pods Resources */ = {
			isa = PBXShellScriptBuildPhase;
			buildActionMask = 2147483647;
			files = (
			);
			inputFileListPaths = (
				"${PODS_ROOT}/Target Support Files/Pods-Vantage Fit/Pods-Vantage Fit-resources-${CONFIGURATION}-input-files.xcfilelist",
			);
			name = "[CP] Copy Pods Resources";
			outputFileListPaths = (
				"${PODS_ROOT}/Target Support Files/Pods-Vantage Fit/Pods-Vantage Fit-resources-${CONFIGURATION}-output-files.xcfilelist",
			);
			runOnlyForDeploymentPostprocessing = 0;
			shellPath = /bin/sh;
			shellScript = "\"${PODS_ROOT}/Target Support Files/Pods-Vantage Fit/Pods-Vantage Fit-resources.sh\"\n";
			showEnvVarsInLog = 0;
		};
		3FDB732C7ED357532295D7CD /* [CP] Copy Pods Resources */ = {
			isa = PBXShellScriptBuildPhase;
			buildActionMask = 2147483647;
			files = (
			);
			inputFileListPaths = (
				"${PODS_ROOT}/Target Support Files/Pods-Vantage Fit-Vantage FitUITests/Pods-Vantage Fit-Vantage FitUITests-resources-${CONFIGURATION}-input-files.xcfilelist",
			);
			name = "[CP] Copy Pods Resources";
			outputFileListPaths = (
				"${PODS_ROOT}/Target Support Files/Pods-Vantage Fit-Vantage FitUITests/Pods-Vantage Fit-Vantage FitUITests-resources-${CONFIGURATION}-output-files.xcfilelist",
			);
			runOnlyForDeploymentPostprocessing = 0;
			shellPath = /bin/sh;
			shellScript = "\"${PODS_ROOT}/Target Support Files/Pods-Vantage Fit-Vantage FitUITests/Pods-Vantage Fit-Vantage FitUITests-resources.sh\"\n";
			showEnvVarsInLog = 0;
		};
		C05A9B8CA59EB0F64DC6928F /* [CP] Check Pods Manifest.lock */ = {
			isa = PBXShellScriptBuildPhase;
			buildActionMask = 2147483647;
			files = (
			);
			inputFileListPaths = (
			);
			inputPaths = (
				"${PODS_PODFILE_DIR_PATH}/Podfile.lock",
				"${PODS_ROOT}/Manifest.lock",
			);
			name = "[CP] Check Pods Manifest.lock";
			outputFileListPaths = (
			);
			outputPaths = (
				"$(DERIVED_FILE_DIR)/Pods-Vantage Fit-Vantage FitUITests-checkManifestLockResult.txt",
			);
			runOnlyForDeploymentPostprocessing = 0;
			shellPath = /bin/sh;
			shellScript = "diff \"${PODS_PODFILE_DIR_PATH}/Podfile.lock\" \"${PODS_ROOT}/Manifest.lock\" > /dev/null\nif [ $? != 0 ] ; then\n    # print error to STDERR\n    echo \"error: The sandbox is not in sync with the Podfile.lock. Run 'pod install' or update your CocoaPods installation.\" >&2\n    exit 1\nfi\n# This output is used by Xcode 'outputs' to avoid re-running this script phase.\necho \"SUCCESS\" > \"${SCRIPT_OUTPUT_FILE_0}\"\n";
			showEnvVarsInLog = 0;
		};
		CC8E5C45C4110B702B9D31E0 /* [CP] Check Pods Manifest.lock */ = {
			isa = PBXShellScriptBuildPhase;
			buildActionMask = 2147483647;
			files = (
			);
			inputFileListPaths = (
			);
			inputPaths = (
				"${PODS_PODFILE_DIR_PATH}/Podfile.lock",
				"${PODS_ROOT}/Manifest.lock",
			);
			name = "[CP] Check Pods Manifest.lock";
			outputFileListPaths = (
			);
			outputPaths = (
				"$(DERIVED_FILE_DIR)/Pods-Vantage FitTests-checkManifestLockResult.txt",
			);
			runOnlyForDeploymentPostprocessing = 0;
			shellPath = /bin/sh;
			shellScript = "diff \"${PODS_PODFILE_DIR_PATH}/Podfile.lock\" \"${PODS_ROOT}/Manifest.lock\" > /dev/null\nif [ $? != 0 ] ; then\n    # print error to STDERR\n    echo \"error: The sandbox is not in sync with the Podfile.lock. Run 'pod install' or update your CocoaPods installation.\" >&2\n    exit 1\nfi\n# This output is used by Xcode 'outputs' to avoid re-running this script phase.\necho \"SUCCESS\" > \"${SCRIPT_OUTPUT_FILE_0}\"\n";
			showEnvVarsInLog = 0;
		};
		CF77480301BBA26A54959F77 /* [CP] Embed Pods Frameworks */ = {
			isa = PBXShellScriptBuildPhase;
			buildActionMask = 2147483647;
			files = (
			);
			inputFileListPaths = (
				"${PODS_ROOT}/Target Support Files/Pods-Vantage Fit/Pods-Vantage Fit-frameworks-${CONFIGURATION}-input-files.xcfilelist",
			);
			name = "[CP] Embed Pods Frameworks";
			outputFileListPaths = (
				"${PODS_ROOT}/Target Support Files/Pods-Vantage Fit/Pods-Vantage Fit-frameworks-${CONFIGURATION}-output-files.xcfilelist",
			);
			runOnlyForDeploymentPostprocessing = 0;
			shellPath = /bin/sh;
			shellScript = "\"${PODS_ROOT}/Target Support Files/Pods-Vantage Fit/Pods-Vantage Fit-frameworks.sh\"\n";
			showEnvVarsInLog = 0;
		};
/* End PBXShellScriptBuildPhase section */

/* Begin PBXSourcesBuildPhase section */
		52A3DB1F289A37330094671D /* Sources */ = {
			isa = PBXSourcesBuildPhase;
			buildActionMask = 2147483647;
			files = (
				5290EAD628A3C76000139DD3 /* WeightViewController.swift in Sources */,
				529A840628AB65FF005D605F /* ResultViewController.swift in Sources */,
				5290EAD128A3C59A00139DD3 /* HeightSliderViewController.swift in Sources */,
				52A3DB58289A75830094671D /* TableViewHeader.swift in Sources */,
				52A3DB2B289A37330094671D /* ViewController.swift in Sources */,
				5290EACC28A3C30100139DD3 /* CalenderViewController.swift in Sources */,
				52A3DB27289A37330094671D /* AppDelegate.swift in Sources */,
				5271C7B828A225C800278C68 /* Global.swift in Sources */,
				52A3DB60289A795F0094671D /* TableViewDOB.swift in Sources */,
				5292F5A7289BD35B00221F36 /* radioBtnController.swift in Sources */,
				52E68A3628ACC9A500E26740 /* LoginViewController.swift in Sources */,
				52AA08E728AD034F006FD447 /* HomeViewController.swift in Sources */,
				52A3DB5C289A77EA0094671D /* TableViewFooterBtn.swift in Sources */,
				526CAAD728A80FE700125A00 /* UnitConverters.swift in Sources */,
				52A3DB29289A37330094671D /* SceneDelegate.swift in Sources */,
				5285262728A51C7400F742D1 /* MeasurementUnits.swift in Sources */,
				529E673A28ACF0A400DDEC96 /* ProfileViewController.swift in Sources */,
				52C6020628ACAA9700FB369F /* DOBCellToCalenderView.swift in Sources */,
				52C228C528A4C38B00C632F6 /* UserVitals.swift in Sources */,
				52C228C828A4CB9C00C632F6 /* Gender.swift in Sources */,
				52A3DB64289A7DF70094671D /* TableViewHeightWeight.swift in Sources */,
				529A840928AB7A13005D605F /* UserDetailsViewPresenter.swift in Sources */,
				5290EAC828A3C1D300139DD3 /* TableViewController.swift in Sources */,
				52CD2A94289CF627006CE4AC /* TableViewGendertwo.swift in Sources */,
			);
			runOnlyForDeploymentPostprocessing = 0;
		};
		52A3DB35289A37350094671D /* Sources */ = {
			isa = PBXSourcesBuildPhase;
			buildActionMask = 2147483647;
			files = (
				52A3DB3E289A37350094671D /* Vantage_FitTests.swift in Sources */,
			);
			runOnlyForDeploymentPostprocessing = 0;
		};
		52A3DB3F289A37350094671D /* Sources */ = {
			isa = PBXSourcesBuildPhase;
			buildActionMask = 2147483647;
			files = (
				52A3DB48289A37350094671D /* Vantage_FitUITests.swift in Sources */,
				52A3DB4A289A37350094671D /* Vantage_FitUITestsLaunchTests.swift in Sources */,
			);
			runOnlyForDeploymentPostprocessing = 0;
		};
/* End PBXSourcesBuildPhase section */

/* Begin PBXTargetDependency section */
		52A3DB3B289A37350094671D /* PBXTargetDependency */ = {
			isa = PBXTargetDependency;
			target = 52A3DB22289A37330094671D /* Vantage Fit */;
			targetProxy = 52A3DB3A289A37350094671D /* PBXContainerItemProxy */;
		};
		52A3DB45289A37350094671D /* PBXTargetDependency */ = {
			isa = PBXTargetDependency;
			target = 52A3DB22289A37330094671D /* Vantage Fit */;
			targetProxy = 52A3DB44289A37350094671D /* PBXContainerItemProxy */;
		};
/* End PBXTargetDependency section */

/* Begin PBXVariantGroup section */
		52A3DB2C289A37330094671D /* Main.storyboard */ = {
			isa = PBXVariantGroup;
			children = (
				52A3DB2D289A37330094671D /* Base */,
			);
			name = Main.storyboard;
			sourceTree = "<group>";
		};
		52A3DB31289A37350094671D /* LaunchScreen.storyboard */ = {
			isa = PBXVariantGroup;
			children = (
				52A3DB32289A37350094671D /* Base */,
			);
			name = LaunchScreen.storyboard;
			sourceTree = "<group>";
		};
/* End PBXVariantGroup section */

/* Begin XCBuildConfiguration section */
		52A3DB4B289A37350094671D /* Debug */ = {
			isa = XCBuildConfiguration;
			buildSettings = {
				ALWAYS_SEARCH_USER_PATHS = NO;
				CLANG_ANALYZER_NONNULL = YES;
				CLANG_ANALYZER_NUMBER_OBJECT_CONVERSION = YES_AGGRESSIVE;
				CLANG_CXX_LANGUAGE_STANDARD = "gnu++17";
				CLANG_ENABLE_MODULES = YES;
				CLANG_ENABLE_OBJC_ARC = YES;
				CLANG_ENABLE_OBJC_WEAK = YES;
				CLANG_WARN_BLOCK_CAPTURE_AUTORELEASING = YES;
				CLANG_WARN_BOOL_CONVERSION = YES;
				CLANG_WARN_COMMA = YES;
				CLANG_WARN_CONSTANT_CONVERSION = YES;
				CLANG_WARN_DEPRECATED_OBJC_IMPLEMENTATIONS = YES;
				CLANG_WARN_DIRECT_OBJC_ISA_USAGE = YES_ERROR;
				CLANG_WARN_DOCUMENTATION_COMMENTS = YES;
				CLANG_WARN_EMPTY_BODY = YES;
				CLANG_WARN_ENUM_CONVERSION = YES;
				CLANG_WARN_INFINITE_RECURSION = YES;
				CLANG_WARN_INT_CONVERSION = YES;
				CLANG_WARN_NON_LITERAL_NULL_CONVERSION = YES;
				CLANG_WARN_OBJC_IMPLICIT_RETAIN_SELF = YES;
				CLANG_WARN_OBJC_LITERAL_CONVERSION = YES;
				CLANG_WARN_OBJC_ROOT_CLASS = YES_ERROR;
				CLANG_WARN_QUOTED_INCLUDE_IN_FRAMEWORK_HEADER = YES;
				CLANG_WARN_RANGE_LOOP_ANALYSIS = YES;
				CLANG_WARN_STRICT_PROTOTYPES = YES;
				CLANG_WARN_SUSPICIOUS_MOVE = YES;
				CLANG_WARN_UNGUARDED_AVAILABILITY = YES_AGGRESSIVE;
				CLANG_WARN_UNREACHABLE_CODE = YES;
				CLANG_WARN__DUPLICATE_METHOD_MATCH = YES;
				COPY_PHASE_STRIP = NO;
				DEBUG_INFORMATION_FORMAT = dwarf;
				ENABLE_STRICT_OBJC_MSGSEND = YES;
				ENABLE_TESTABILITY = YES;
				GCC_C_LANGUAGE_STANDARD = gnu11;
				GCC_DYNAMIC_NO_PIC = NO;
				GCC_NO_COMMON_BLOCKS = YES;
				GCC_OPTIMIZATION_LEVEL = 0;
				GCC_PREPROCESSOR_DEFINITIONS = (
					"DEBUG=1",
					"$(inherited)",
				);
				GCC_WARN_64_TO_32_BIT_CONVERSION = YES;
				GCC_WARN_ABOUT_RETURN_TYPE = YES_ERROR;
				GCC_WARN_UNDECLARED_SELECTOR = YES;
				GCC_WARN_UNINITIALIZED_AUTOS = YES_AGGRESSIVE;
				GCC_WARN_UNUSED_FUNCTION = YES;
				GCC_WARN_UNUSED_VARIABLE = YES;
				IPHONEOS_DEPLOYMENT_TARGET = 15.5;
				MTL_ENABLE_DEBUG_INFO = INCLUDE_SOURCE;
				MTL_FAST_MATH = YES;
				ONLY_ACTIVE_ARCH = YES;
				SDKROOT = iphoneos;
				SWIFT_ACTIVE_COMPILATION_CONDITIONS = DEBUG;
				SWIFT_OPTIMIZATION_LEVEL = "-Onone";
			};
			name = Debug;
		};
		52A3DB4C289A37350094671D /* Release */ = {
			isa = XCBuildConfiguration;
			buildSettings = {
				ALWAYS_SEARCH_USER_PATHS = NO;
				CLANG_ANALYZER_NONNULL = YES;
				CLANG_ANALYZER_NUMBER_OBJECT_CONVERSION = YES_AGGRESSIVE;
				CLANG_CXX_LANGUAGE_STANDARD = "gnu++17";
				CLANG_ENABLE_MODULES = YES;
				CLANG_ENABLE_OBJC_ARC = YES;
				CLANG_ENABLE_OBJC_WEAK = YES;
				CLANG_WARN_BLOCK_CAPTURE_AUTORELEASING = YES;
				CLANG_WARN_BOOL_CONVERSION = YES;
				CLANG_WARN_COMMA = YES;
				CLANG_WARN_CONSTANT_CONVERSION = YES;
				CLANG_WARN_DEPRECATED_OBJC_IMPLEMENTATIONS = YES;
				CLANG_WARN_DIRECT_OBJC_ISA_USAGE = YES_ERROR;
				CLANG_WARN_DOCUMENTATION_COMMENTS = YES;
				CLANG_WARN_EMPTY_BODY = YES;
				CLANG_WARN_ENUM_CONVERSION = YES;
				CLANG_WARN_INFINITE_RECURSION = YES;
				CLANG_WARN_INT_CONVERSION = YES;
				CLANG_WARN_NON_LITERAL_NULL_CONVERSION = YES;
				CLANG_WARN_OBJC_IMPLICIT_RETAIN_SELF = YES;
				CLANG_WARN_OBJC_LITERAL_CONVERSION = YES;
				CLANG_WARN_OBJC_ROOT_CLASS = YES_ERROR;
				CLANG_WARN_QUOTED_INCLUDE_IN_FRAMEWORK_HEADER = YES;
				CLANG_WARN_RANGE_LOOP_ANALYSIS = YES;
				CLANG_WARN_STRICT_PROTOTYPES = YES;
				CLANG_WARN_SUSPICIOUS_MOVE = YES;
				CLANG_WARN_UNGUARDED_AVAILABILITY = YES_AGGRESSIVE;
				CLANG_WARN_UNREACHABLE_CODE = YES;
				CLANG_WARN__DUPLICATE_METHOD_MATCH = YES;
				COPY_PHASE_STRIP = NO;
				DEBUG_INFORMATION_FORMAT = "dwarf-with-dsym";
				ENABLE_NS_ASSERTIONS = NO;
				ENABLE_STRICT_OBJC_MSGSEND = YES;
				GCC_C_LANGUAGE_STANDARD = gnu11;
				GCC_NO_COMMON_BLOCKS = YES;
				GCC_WARN_64_TO_32_BIT_CONVERSION = YES;
				GCC_WARN_ABOUT_RETURN_TYPE = YES_ERROR;
				GCC_WARN_UNDECLARED_SELECTOR = YES;
				GCC_WARN_UNINITIALIZED_AUTOS = YES_AGGRESSIVE;
				GCC_WARN_UNUSED_FUNCTION = YES;
				GCC_WARN_UNUSED_VARIABLE = YES;
				IPHONEOS_DEPLOYMENT_TARGET = 15.5;
				MTL_ENABLE_DEBUG_INFO = NO;
				MTL_FAST_MATH = YES;
				SDKROOT = iphoneos;
				SWIFT_COMPILATION_MODE = wholemodule;
				SWIFT_OPTIMIZATION_LEVEL = "-O";
				VALIDATE_PRODUCT = YES;
			};
			name = Release;
		};
		52A3DB4E289A37350094671D /* Debug */ = {
			isa = XCBuildConfiguration;
			baseConfigurationReference = 6908CFC8C1B245887217ABF4 /* Pods-Vantage Fit.debug.xcconfig */;
			buildSettings = {
				ASSETCATALOG_COMPILER_APPICON_NAME = AppIcon;
				ASSETCATALOG_COMPILER_GLOBAL_ACCENT_COLOR_NAME = AccentColor;
				CODE_SIGN_STYLE = Automatic;
				CURRENT_PROJECT_VERSION = 1;
				DEVELOPMENT_TEAM = Q9H79YSD8C;
				GENERATE_INFOPLIST_FILE = YES;
				INFOPLIST_FILE = "Vantage Fit/Info.plist";
				INFOPLIST_KEY_NSMainNibFile = LoginViewController;
				INFOPLIST_KEY_UIApplicationSupportsIndirectInputEvents = YES;
				INFOPLIST_KEY_UILaunchStoryboardName = LaunchScreen;
				INFOPLIST_KEY_UISupportedInterfaceOrientations_iPad = "UIInterfaceOrientationPortrait UIInterfaceOrientationPortraitUpsideDown UIInterfaceOrientationLandscapeLeft UIInterfaceOrientationLandscapeRight";
				INFOPLIST_KEY_UISupportedInterfaceOrientations_iPhone = "UIInterfaceOrientationPortrait UIInterfaceOrientationLandscapeLeft UIInterfaceOrientationLandscapeRight";
				LD_RUNPATH_SEARCH_PATHS = (
					"$(inherited)",
					"@executable_path/Frameworks",
				);
				MARKETING_VERSION = 1.0;
				PRODUCT_BUNDLE_IDENTIFIER = "com.mnv.Vantage-Fit";
				PRODUCT_NAME = "$(TARGET_NAME)";
				SWIFT_EMIT_LOC_STRINGS = YES;
				SWIFT_VERSION = 5.0;
				TARGETED_DEVICE_FAMILY = "1,2";
			};
			name = Debug;
		};
		52A3DB4F289A37350094671D /* Release */ = {
			isa = XCBuildConfiguration;
			baseConfigurationReference = 83F889C2B97932B4B8ED75DC /* Pods-Vantage Fit.release.xcconfig */;
			buildSettings = {
				ASSETCATALOG_COMPILER_APPICON_NAME = AppIcon;
				ASSETCATALOG_COMPILER_GLOBAL_ACCENT_COLOR_NAME = AccentColor;
				CODE_SIGN_STYLE = Automatic;
				CURRENT_PROJECT_VERSION = 1;
				DEVELOPMENT_TEAM = Q9H79YSD8C;
				GENERATE_INFOPLIST_FILE = YES;
				INFOPLIST_FILE = "Vantage Fit/Info.plist";
				INFOPLIST_KEY_NSMainNibFile = LoginViewController;
				INFOPLIST_KEY_UIApplicationSupportsIndirectInputEvents = YES;
				INFOPLIST_KEY_UILaunchStoryboardName = LaunchScreen;
				INFOPLIST_KEY_UISupportedInterfaceOrientations_iPad = "UIInterfaceOrientationPortrait UIInterfaceOrientationPortraitUpsideDown UIInterfaceOrientationLandscapeLeft UIInterfaceOrientationLandscapeRight";
				INFOPLIST_KEY_UISupportedInterfaceOrientations_iPhone = "UIInterfaceOrientationPortrait UIInterfaceOrientationLandscapeLeft UIInterfaceOrientationLandscapeRight";
				LD_RUNPATH_SEARCH_PATHS = (
					"$(inherited)",
					"@executable_path/Frameworks",
				);
				MARKETING_VERSION = 1.0;
				PRODUCT_BUNDLE_IDENTIFIER = "com.mnv.Vantage-Fit";
				PRODUCT_NAME = "$(TARGET_NAME)";
				SWIFT_EMIT_LOC_STRINGS = YES;
				SWIFT_VERSION = 5.0;
				TARGETED_DEVICE_FAMILY = "1,2";
			};
			name = Release;
		};
		52A3DB51289A37350094671D /* Debug */ = {
			isa = XCBuildConfiguration;
			baseConfigurationReference = 0B3EDD3B2FFC44205EE5E73E /* Pods-Vantage FitTests.debug.xcconfig */;
			buildSettings = {
				ALWAYS_EMBED_SWIFT_STANDARD_LIBRARIES = YES;
				BUNDLE_LOADER = "$(TEST_HOST)";
				CODE_SIGN_STYLE = Automatic;
				CURRENT_PROJECT_VERSION = 1;
				DEVELOPMENT_TEAM = Q9H79YSD8C;
				GENERATE_INFOPLIST_FILE = YES;
				IPHONEOS_DEPLOYMENT_TARGET = 15.5;
				MARKETING_VERSION = 1.0;
				PRODUCT_BUNDLE_IDENTIFIER = "com.mnv.Vantage-FitTests";
				PRODUCT_NAME = "$(TARGET_NAME)";
				SWIFT_EMIT_LOC_STRINGS = NO;
				SWIFT_VERSION = 5.0;
				TARGETED_DEVICE_FAMILY = "1,2";
				TEST_HOST = "$(BUILT_PRODUCTS_DIR)/Vantage Fit.app/Vantage Fit";
			};
			name = Debug;
		};
		52A3DB52289A37350094671D /* Release */ = {
			isa = XCBuildConfiguration;
			baseConfigurationReference = E27BF9E51579117DB483917E /* Pods-Vantage FitTests.release.xcconfig */;
			buildSettings = {
				ALWAYS_EMBED_SWIFT_STANDARD_LIBRARIES = YES;
				BUNDLE_LOADER = "$(TEST_HOST)";
				CODE_SIGN_STYLE = Automatic;
				CURRENT_PROJECT_VERSION = 1;
				DEVELOPMENT_TEAM = Q9H79YSD8C;
				GENERATE_INFOPLIST_FILE = YES;
				IPHONEOS_DEPLOYMENT_TARGET = 15.5;
				MARKETING_VERSION = 1.0;
				PRODUCT_BUNDLE_IDENTIFIER = "com.mnv.Vantage-FitTests";
				PRODUCT_NAME = "$(TARGET_NAME)";
				SWIFT_EMIT_LOC_STRINGS = NO;
				SWIFT_VERSION = 5.0;
				TARGETED_DEVICE_FAMILY = "1,2";
				TEST_HOST = "$(BUILT_PRODUCTS_DIR)/Vantage Fit.app/Vantage Fit";
			};
			name = Release;
		};
		52A3DB54289A37350094671D /* Debug */ = {
			isa = XCBuildConfiguration;
			baseConfigurationReference = 711BDDF966410F54374C04D0 /* Pods-Vantage Fit-Vantage FitUITests.debug.xcconfig */;
			buildSettings = {
				ALWAYS_EMBED_SWIFT_STANDARD_LIBRARIES = YES;
				CODE_SIGN_STYLE = Automatic;
				CURRENT_PROJECT_VERSION = 1;
				DEVELOPMENT_TEAM = Q9H79YSD8C;
				GENERATE_INFOPLIST_FILE = YES;
				MARKETING_VERSION = 1.0;
				PRODUCT_BUNDLE_IDENTIFIER = "com.mnv.Vantage-FitUITests";
				PRODUCT_NAME = "$(TARGET_NAME)";
				SWIFT_EMIT_LOC_STRINGS = NO;
				SWIFT_VERSION = 5.0;
				TARGETED_DEVICE_FAMILY = "1,2";
				TEST_TARGET_NAME = "Vantage Fit";
			};
			name = Debug;
		};
		52A3DB55289A37350094671D /* Release */ = {
			isa = XCBuildConfiguration;
			baseConfigurationReference = 08032FC2849D86D77307CA22 /* Pods-Vantage Fit-Vantage FitUITests.release.xcconfig */;
			buildSettings = {
				ALWAYS_EMBED_SWIFT_STANDARD_LIBRARIES = YES;
				CODE_SIGN_STYLE = Automatic;
				CURRENT_PROJECT_VERSION = 1;
				DEVELOPMENT_TEAM = Q9H79YSD8C;
				GENERATE_INFOPLIST_FILE = YES;
				MARKETING_VERSION = 1.0;
				PRODUCT_BUNDLE_IDENTIFIER = "com.mnv.Vantage-FitUITests";
				PRODUCT_NAME = "$(TARGET_NAME)";
				SWIFT_EMIT_LOC_STRINGS = NO;
				SWIFT_VERSION = 5.0;
				TARGETED_DEVICE_FAMILY = "1,2";
				TEST_TARGET_NAME = "Vantage Fit";
			};
			name = Release;
		};
/* End XCBuildConfiguration section */

/* Begin XCConfigurationList section */
		52A3DB1E289A37330094671D /* Build configuration list for PBXProject "Vantage Fit" */ = {
			isa = XCConfigurationList;
			buildConfigurations = (
				52A3DB4B289A37350094671D /* Debug */,
				52A3DB4C289A37350094671D /* Release */,
			);
			defaultConfigurationIsVisible = 0;
			defaultConfigurationName = Release;
		};
		52A3DB4D289A37350094671D /* Build configuration list for PBXNativeTarget "Vantage Fit" */ = {
			isa = XCConfigurationList;
			buildConfigurations = (
				52A3DB4E289A37350094671D /* Debug */,
				52A3DB4F289A37350094671D /* Release */,
			);
			defaultConfigurationIsVisible = 0;
			defaultConfigurationName = Release;
		};
		52A3DB50289A37350094671D /* Build configuration list for PBXNativeTarget "Vantage FitTests" */ = {
			isa = XCConfigurationList;
			buildConfigurations = (
				52A3DB51289A37350094671D /* Debug */,
				52A3DB52289A37350094671D /* Release */,
			);
			defaultConfigurationIsVisible = 0;
			defaultConfigurationName = Release;
		};
		52A3DB53289A37350094671D /* Build configuration list for PBXNativeTarget "Vantage FitUITests" */ = {
			isa = XCConfigurationList;
			buildConfigurations = (
				52A3DB54289A37350094671D /* Debug */,
				52A3DB55289A37350094671D /* Release */,
			);
			defaultConfigurationIsVisible = 0;
			defaultConfigurationName = Release;
		};
/* End XCConfigurationList section */
	};
	rootObject = 52A3DB1B289A37330094671D /* Project object */;
}
